
Microsoft Visual Studio Solution File, Format Version 12.00
# Visual Studio 15
VisualStudioVersion = 15.0.27703.2042
MinimumVisualStudioVersion = 10.0.40219.1
Project("{FAE04EC0-301F-11D3-BF4B-00C04F79EFBC}") = "MeCafeUber", "MeCafeUber\MeCafeUber.csproj", "{4366FD52-8418-48BE-AF18-488C07CCE9B4}"
EndProject
Global
	GlobalSection(SolutionConfigurationPlatforms) = preSolution
		Debug|Any CPU = Debug|Any CPU
		Release|Any CPU = Release|Any CPU
	EndGlobalSection
	GlobalSection(ProjectConfigurationPlatforms) = postSolution
		{4366FD52-8418-48BE-AF18-488C07CCE9B4}.Debug|Any CPU.ActiveCfg = Debug|Any CPU
		{4366FD52-8418-48BE-AF18-488C07CCE9B4}.Debug|Any CPU.Build.0 = Debug|Any CPU
		{4366FD52-8418-48BE-AF18-488C07CCE9B4}.Release|Any CPU.ActiveCfg = Release|Any CPU
		{4366FD52-8418-48BE-AF18-488C07CCE9B4}.Release|Any CPU.Build.0 = Release|Any CPU
	EndGlobalSection
	GlobalSection(SolutionProperties) = preSolution
		HideSolutionNode = FALSE
	EndGlobalSection
	GlobalSection(ExtensibilityGlobals) = postSolution
		SolutionGuid = {C3665093-D452-42EB-93BD-0528A230C1B0}
	EndGlobalSection
EndGlobal
